// !$*UTF8*$!
{
	archiveVersion = 1;
	classes = {
	};
	objectVersion = 56;
	objects = {

/* Begin PBXBuildFile section */
		6FED25882C62490C000C3174 /* Spar_Intern_TaskApp.swift in Sources */ = {isa = PBXBuildFile; fileRef = 6FED25872C62490C000C3174 /* Spar_Intern_TaskApp.swift */; };
		6FED258A2C62490C000C3174 /* ContentView.swift in Sources */ = {isa = PBXBuildFile; fileRef = 6FED25892C62490C000C3174 /* ContentView.swift */; };
		6FED258C2C62490E000C3174 /* Assets.xcassets in Resources */ = {isa = PBXBuildFile; fileRef = 6FED258B2C62490E000C3174 /* Assets.xcassets */; };
		6FED258F2C62490E000C3174 /* Preview Assets.xcassets in Resources */ = {isa = PBXBuildFile; fileRef = 6FED258E2C62490E000C3174 /* Preview Assets.xcassets */; };
		6FED25962C6249E2000C3174 /* ProductModel.swift in Sources */ = {isa = PBXBuildFile; fileRef = 6FED25952C6249E2000C3174 /* ProductModel.swift */; };
		6FED25982C625324000C3174 /* TableCardView.swift in Sources */ = {isa = PBXBuildFile; fileRef = 6FED25972C625324000C3174 /* TableCardView.swift */; };
		6FED259A2C62765B000C3174 /* ListCardView.swift in Sources */ = {isa = PBXBuildFile; fileRef = 6FED25992C62765B000C3174 /* ListCardView.swift */; };
		6FED259C2C627A18000C3174 /* SpecialTagView.swift in Sources */ = {isa = PBXBuildFile; fileRef = 6FED259B2C627A18000C3174 /* SpecialTagView.swift */; };
		6FED259E2C627B87000C3174 /* OrderListAndFavoritesMenuView.swift in Sources */ = {isa = PBXBuildFile; fileRef = 6FED259D2C627B87000C3174 /* OrderListAndFavoritesMenuView.swift */; };
/* End PBXBuildFile section */

/* Begin PBXFileReference section */
		6FED25842C62490C000C3174 /* Spar Intern Task.app */ = {isa = PBXFileReference; explicitFileType = wrapper.application; includeInIndex = 0; path = "Spar Intern Task.app"; sourceTree = BUILT_PRODUCTS_DIR; };
		6FED25872C62490C000C3174 /* Spar_Intern_TaskApp.swift */ = {isa = PBXFileReference; lastKnownFileType = sourcecode.swift; path = Spar_Intern_TaskApp.swift; sourceTree = "<group>"; };
		6FED25892C62490C000C3174 /* ContentView.swift */ = {isa = PBXFileReference; lastKnownFileType = sourcecode.swift; path = ContentView.swift; sourceTree = "<group>"; };
		6FED258B2C62490E000C3174 /* Assets.xcassets */ = {isa = PBXFileReference; lastKnownFileType = folder.assetcatalog; path = Assets.xcassets; sourceTree = "<group>"; };
		6FED258E2C62490E000C3174 /* Preview Assets.xcassets */ = {isa = PBXFileReference; lastKnownFileType = folder.assetcatalog; path = "Preview Assets.xcassets"; sourceTree = "<group>"; };
		6FED25952C6249E2000C3174 /* ProductModel.swift */ = {isa = PBXFileReference; lastKnownFileType = sourcecode.swift; path = ProductModel.swift; sourceTree = "<group>"; };
		6FED25972C625324000C3174 /* TableCardView.swift */ = {isa = PBXFileReference; lastKnownFileType = sourcecode.swift; path = TableCardView.swift; sourceTree = "<group>"; };
		6FED25992C62765B000C3174 /* ListCardView.swift */ = {isa = PBXFileReference; lastKnownFileType = sourcecode.swift; path = ListCardView.swift; sourceTree = "<group>"; };
		6FED259B2C627A18000C3174 /* SpecialTagView.swift */ = {isa = PBXFileReference; lastKnownFileType = sourcecode.swift; path = SpecialTagView.swift; sourceTree = "<group>"; };
		6FED259D2C627B87000C3174 /* OrderListAndFavoritesMenuView.swift */ = {isa = PBXFileReference; lastKnownFileType = sourcecode.swift; path = OrderListAndFavoritesMenuView.swift; sourceTree = "<group>"; };
/* End PBXFileReference section */

/* Begin PBXFrameworksBuildPhase section */
		6FED25812C62490C000C3174 /* Frameworks */ = {
			isa = PBXFrameworksBuildPhase;
			buildActionMask = 2147483647;
			files = (
			);
			runOnlyForDeploymentPostprocessing = 0;
		};
/* End PBXFrameworksBuildPhase section */

/* Begin PBXGroup section */
		6FED257B2C62490C000C3174 = {
			isa = PBXGroup;
			children = (
				6FED25862C62490C000C3174 /* Spar Intern Task */,
				6FED25852C62490C000C3174 /* Products */,
			);
			sourceTree = "<group>";
		};
		6FED25852C62490C000C3174 /* Products */ = {
			isa = PBXGroup;
			children = (
				6FED25842C62490C000C3174 /* Spar Intern Task.app */,
			);
			name = Products;
			sourceTree = "<group>";
		};
		6FED25862C62490C000C3174 /* Spar Intern Task */ = {
			isa = PBXGroup;
			children = (
				6FED25872C62490C000C3174 /* Spar_Intern_TaskApp.swift */,
				6FED25892C62490C000C3174 /* ContentView.swift */,
				6FED25A12C628802000C3174 /* CardViews */,
				6FED25952C6249E2000C3174 /* ProductModel.swift */,
				6FED258B2C62490E000C3174 /* Assets.xcassets */,
				6FED258D2C62490E000C3174 /* Preview Content */,
			);
			path = "Spar Intern Task";
			sourceTree = "<group>";
		};
		6FED258D2C62490E000C3174 /* Preview Content */ = {
			isa = PBXGroup;
			children = (
				6FED258E2C62490E000C3174 /* Preview Assets.xcassets */,
			);
			path = "Preview Content";
			sourceTree = "<group>";
		};
		6FED25A12C628802000C3174 /* CardViews */ = {
			isa = PBXGroup;
			children = (
				6FED25972C625324000C3174 /* TableCardView.swift */,
				6FED25992C62765B000C3174 /* ListCardView.swift */,
				6FED259B2C627A18000C3174 /* SpecialTagView.swift */,
				6FED259D2C627B87000C3174 /* OrderListAndFavoritesMenuView.swift */,
			);
			path = CardViews;
			sourceTree = "<group>";
		};
/* End PBXGroup section */

/* Begin PBXNativeTarget section */
		6FED25832C62490C000C3174 /* Spar Intern Task */ = {
			isa = PBXNativeTarget;
			buildConfigurationList = 6FED25922C62490E000C3174 /* Build configuration list for PBXNativeTarget "Spar Intern Task" */;
			buildPhases = (
				6FED25802C62490C000C3174 /* Sources */,
				6FED25812C62490C000C3174 /* Frameworks */,
				6FED25822C62490C000C3174 /* Resources */,
			);
			buildRules = (
			);
			dependencies = (
			);
			name = "Spar Intern Task";
			productName = "Spar Intern Task";
			productReference = 6FED25842C62490C000C3174 /* Spar Intern Task.app */;
			productType = "com.apple.product-type.application";
		};
/* End PBXNativeTarget section */

/* Begin PBXProject section */
		6FED257C2C62490C000C3174 /* Project object */ = {
			isa = PBXProject;
			attributes = {
				BuildIndependentTargetsInParallel = 1;
				LastSwiftUpdateCheck = 1540;
				LastUpgradeCheck = 1540;
				TargetAttributes = {
					6FED25832C62490C000C3174 = {
						CreatedOnToolsVersion = 15.4;
					};
				};
			};
			buildConfigurationList = 6FED257F2C62490C000C3174 /* Build configuration list for PBXProject "Spar Intern Task" */;
			compatibilityVersion = "Xcode 14.0";
			developmentRegion = en;
			hasScannedForEncodings = 0;
			knownRegions = (
				en,
				Base,
			);
			mainGroup = 6FED257B2C62490C000C3174;
			productRefGroup = 6FED25852C62490C000C3174 /* Products */;
			projectDirPath = "";
			projectRoot = "";
			targets = (
				6FED25832C62490C000C3174 /* Spar Intern Task */,
			);
		};
/* End PBXProject section */

/* Begin PBXResourcesBuildPhase section */
		6FED25822C62490C000C3174 /* Resources */ = {
			isa = PBXResourcesBuildPhase;
			buildActionMask = 2147483647;
			files = (
				6FED258F2C62490E000C3174 /* Preview Assets.xcassets in Resources */,
				6FED258C2C62490E000C3174 /* Assets.xcassets in Resources */,
			);
			runOnlyForDeploymentPostprocessing = 0;
		};
/* End PBXResourcesBuildPhase section */

/* Begin PBXSourcesBuildPhase section */
		6FED25802C62490C000C3174 /* Sources */ = {
			isa = PBXSourcesBuildPhase;
			buildActionMask = 2147483647;
			files = (
				6FED259A2C62765B000C3174 /* ListCardView.swift in Sources */,
				6FED258A2C62490C000C3174 /* ContentView.swift in Sources */,
				6FED25962C6249E2000C3174 /* ProductModel.swift in Sources */,
				6FED25882C62490C000C3174 /* Spar_Intern_TaskApp.swift in Sources */,
				6FED25982C625324000C3174 /* TableCardView.swift in Sources */,
				6FED259E2C627B87000C3174 /* OrderListAndFavoritesMenuView.swift in Sources */,
				6FED259C2C627A18000C3174 /* SpecialTagView.swift in Sources */,
			);
			runOnlyForDeploymentPostprocessing = 0;
		};
/* End PBXSourcesBuildPhase section */

/* Begin XCBuildConfiguration section */
		6FED25902C62490E000C3174 /* Debug */ = {
			isa = XCBuildConfiguration;
			buildSettings = {
				ALWAYS_SEARCH_USER_PATHS = NO;
				ASSETCATALOG_COMPILER_GENERATE_SWIFT_ASSET_SYMBOL_EXTENSIONS = YES;
				CLANG_ANALYZER_NONNULL = YES;
				CLANG_ANALYZER_NUMBER_OBJECT_CONVERSION = YES_AGGRESSIVE;
				CLANG_CXX_LANGUAGE_STANDARD = "gnu++20";
				CLANG_ENABLE_MODULES = YES;
				CLANG_ENABLE_OBJC_ARC = YES;
				CLANG_ENABLE_OBJC_WEAK = YES;
				CLANG_WARN_BLOCK_CAPTURE_AUTORELEASING = YES;
				CLANG_WARN_BOOL_CONVERSION = YES;
				CLANG_WARN_COMMA = YES;
				CLANG_WARN_CONSTANT_CONVERSION = YES;
				CLANG_WARN_DEPRECATED_OBJC_IMPLEMENTATIONS = YES;
				CLANG_WARN_DIRECT_OBJC_ISA_USAGE = YES_ERROR;
				CLANG_WARN_DOCUMENTATION_COMMENTS = YES;
				CLANG_WARN_EMPTY_BODY = YES;
				CLANG_WARN_ENUM_CONVERSION = YES;
				CLANG_WARN_INFINITE_RECURSION = YES;
				CLANG_WARN_INT_CONVERSION = YES;
				CLANG_WARN_NON_LITERAL_NULL_CONVERSION = YES;
				CLANG_WARN_OBJC_IMPLICIT_RETAIN_SELF = YES;
				CLANG_WARN_OBJC_LITERAL_CONVERSION = YES;
				CLANG_WARN_OBJC_ROOT_CLASS = YES_ERROR;
				CLANG_WARN_QUOTED_INCLUDE_IN_FRAMEWORK_HEADER = YES;
				CLANG_WARN_RANGE_LOOP_ANALYSIS = YES;
				CLANG_WARN_STRICT_PROTOTYPES = YES;
				CLANG_WARN_SUSPICIOUS_MOVE = YES;
				CLANG_WARN_UNGUARDED_AVAILABILITY = YES_AGGRESSIVE;
				CLANG_WARN_UNREACHABLE_CODE = YES;
				CLANG_WARN__DUPLICATE_METHOD_MATCH = YES;
				COPY_PHASE_STRIP = NO;
				DEBUG_INFORMATION_FORMAT = dwarf;
				ENABLE_STRICT_OBJC_MSGSEND = YES;
				ENABLE_TESTABILITY = YES;
				ENABLE_USER_SCRIPT_SANDBOXING = YES;
				GCC_C_LANGUAGE_STANDARD = gnu17;
				GCC_DYNAMIC_NO_PIC = NO;
				GCC_NO_COMMON_BLOCKS = YES;
				GCC_OPTIMIZATION_LEVEL = 0;
				GCC_PREPROCESSOR_DEFINITIONS = (
					"DEBUG=1",
					"$(inherited)",
				);
				GCC_WARN_64_TO_32_BIT_CONVERSION = YES;
				GCC_WARN_ABOUT_RETURN_TYPE = YES_ERROR;
				GCC_WARN_UNDECLARED_SELECTOR = YES;
				GCC_WARN_UNINITIALIZED_AUTOS = YES_AGGRESSIVE;
				GCC_WARN_UNUSED_FUNCTION = YES;
				GCC_WARN_UNUSED_VARIABLE = YES;
				IPHONEOS_DEPLOYMENT_TARGET = 17.5;
				LOCALIZATION_PREFERS_STRING_CATALOGS = YES;
				MTL_ENABLE_DEBUG_INFO = INCLUDE_SOURCE;
				MTL_FAST_MATH = YES;
				ONLY_ACTIVE_ARCH = YES;
				SDKROOT = iphoneos;
				SWIFT_ACTIVE_COMPILATION_CONDITIONS = "DEBUG $(inherited)";
				SWIFT_OPTIMIZATION_LEVEL = "-Onone";
			};
			name = Debug;
		};
		6FED25912C62490E000C3174 /* Release */ = {
			isa = XCBuildConfiguration;
			buildSettings = {
				ALWAYS_SEARCH_USER_PATHS = NO;
				ASSETCATALOG_COMPILER_GENERATE_SWIFT_ASSET_SYMBOL_EXTENSIONS = YES;
				CLANG_ANALYZER_NONNULL = YES;
				CLANG_ANALYZER_NUMBER_OBJECT_CONVERSION = YES_AGGRESSIVE;
				CLANG_CXX_LANGUAGE_STANDARD = "gnu++20";
				CLANG_ENABLE_MODULES = YES;
				CLANG_ENABLE_OBJC_ARC = YES;
				CLANG_ENABLE_OBJC_WEAK = YES;
				CLANG_WARN_BLOCK_CAPTURE_AUTORELEASING = YES;
				CLANG_WARN_BOOL_CONVERSION = YES;
				CLANG_WARN_COMMA = YES;
				CLANG_WARN_CONSTANT_CONVERSION = YES;
				CLANG_WARN_DEPRECATED_OBJC_IMPLEMENTATIONS = YES;
				CLANG_WARN_DIRECT_OBJC_ISA_USAGE = YES_ERROR;
				CLANG_WARN_DOCUMENTATION_COMMENTS = YES;
				CLANG_WARN_EMPTY_BODY = YES;
				CLANG_WARN_ENUM_CONVERSION = YES;
				CLANG_WARN_INFINITE_RECURSION = YES;
				CLANG_WARN_INT_CONVERSION = YES;
				CLANG_WARN_NON_LITERAL_NULL_CONVERSION = YES;
				CLANG_WARN_OBJC_IMPLICIT_RETAIN_SELF = YES;
				CLANG_WARN_OBJC_LITERAL_CONVERSION = YES;
				CLANG_WARN_OBJC_ROOT_CLASS = YES_ERROR;
				CLANG_WARN_QUOTED_INCLUDE_IN_FRAMEWORK_HEADER = YES;
				CLANG_WARN_RANGE_LOOP_ANALYSIS = YES;
				CLANG_WARN_STRICT_PROTOTYPES = YES;
				CLANG_WARN_SUSPICIOUS_MOVE = YES;
				CLANG_WARN_UNGUARDED_AVAILABILITY = YES_AGGRESSIVE;
				CLANG_WARN_UNREACHABLE_CODE = YES;
				CLANG_WARN__DUPLICATE_METHOD_MATCH = YES;
				COPY_PHASE_STRIP = NO;
				DEBUG_INFORMATION_FORMAT = "dwarf-with-dsym";
				ENABLE_NS_ASSERTIONS = NO;
				ENABLE_STRICT_OBJC_MSGSEND = YES;
				ENABLE_USER_SCRIPT_SANDBOXING = YES;
				GCC_C_LANGUAGE_STANDARD = gnu17;
				GCC_NO_COMMON_BLOCKS = YES;
				GCC_WARN_64_TO_32_BIT_CONVERSION = YES;
				GCC_WARN_ABOUT_RETURN_TYPE = YES_ERROR;
				GCC_WARN_UNDECLARED_SELECTOR = YES;
				GCC_WARN_UNINITIALIZED_AUTOS = YES_AGGRESSIVE;
				GCC_WARN_UNUSED_FUNCTION = YES;
				GCC_WARN_UNUSED_VARIABLE = YES;
				IPHONEOS_DEPLOYMENT_TARGET = 17.5;
				LOCALIZATION_PREFERS_STRING_CATALOGS = YES;
				MTL_ENABLE_DEBUG_INFO = NO;
				MTL_FAST_MATH = YES;
				SDKROOT = iphoneos;
				SWIFT_COMPILATION_MODE = wholemodule;
				VALIDATE_PRODUCT = YES;
			};
			name = Release;
		};
		6FED25932C62490E000C3174 /* Debug */ = {
			isa = XCBuildConfiguration;
			buildSettings = {
				ASSETCATALOG_COMPILER_APPICON_NAME = AppIcon;
				ASSETCATALOG_COMPILER_GLOBAL_ACCENT_COLOR_NAME = AccentColor;
				CODE_SIGN_STYLE = Automatic;
				CURRENT_PROJECT_VERSION = 1;
				DEVELOPMENT_ASSET_PATHS = "\"Spar Intern Task/Preview Content\"";
				DEVELOPMENT_TEAM = 89299A2A8Z;
				ENABLE_PREVIEWS = YES;
				GENERATE_INFOPLIST_FILE = YES;
				INFOPLIST_KEY_LSApplicationCategoryType = "public.app-category.food-and-drink";
				INFOPLIST_KEY_UIApplicationSceneManifest_Generation = YES;
				INFOPLIST_KEY_UIApplicationSupportsIndirectInputEvents = YES;
				INFOPLIST_KEY_UILaunchScreen_Generation = YES;
				INFOPLIST_KEY_UISupportedInterfaceOrientations = UIInterfaceOrientationPortrait;
				INFOPLIST_KEY_UISupportedInterfaceOrientations_iPad = "UIInterfaceOrientationLandscapeLeft UIInterfaceOrientationLandscapeRight UIInterfaceOrientationPortrait UIInterfaceOrientationPortraitUpsideDown";
				LD_RUNPATH_SEARCH_PATHS = (
					"$(inherited)",
					"@executable_path/Frameworks",
				);
				MARKETING_VERSION = 1.0;
				PRODUCT_BUNDLE_IDENTIFIER = "akrivdin.Spar-Intern-Task";
				PRODUCT_NAME = "$(TARGET_NAME)";
				SUPPORTED_PLATFORMS = "iphoneos iphonesimulator";
				SUPPORTS_MACCATALYST = NO;
				SUPPORTS_MAC_DESIGNED_FOR_IPHONE_IPAD = NO;
				SUPPORTS_XR_DESIGNED_FOR_IPHONE_IPAD = NO;
				SWIFT_EMIT_LOC_STRINGS = YES;
				SWIFT_VERSION = 5.0;
				TARGETED_DEVICE_FAMILY = 1;
			};
			name = Debug;
		};
		6FED25942C62490E000C3174 /* Release */ = {
			isa = XCBuildConfiguration;
			buildSettings = {
				ASSETCATALOG_COMPILER_APPICON_NAME = AppIcon;
				ASSETCATALOG_COMPILER_GLOBAL_ACCENT_COLOR_NAME = AccentColor;
				CODE_SIGN_STYLE = Automatic;
				CURRENT_PROJECT_VERSION = 1;
				DEVELOPMENT_ASSET_PATHS = "\"Spar Intern Task/Preview Content\"";
				DEVELOPMENT_TEAM = 89299A2A8Z;
				ENABLE_PREVIEWS = YES;
				GENERATE_INFOPLIST_FILE = YES;
				INFOPLIST_KEY_LSApplicationCategoryType = "public.app-category.food-and-drink";
				INFOPLIST_KEY_UIApplicationSceneManifest_Generation = YES;
				INFOPLIST_KEY_UIApplicationSupportsIndirectInputEvents = YES;
				INFOPLIST_KEY_UILaunchScreen_Generation = YES;
				INFOPLIST_KEY_UISupportedInterfaceOrientations = UIInterfaceOrientationPortrait;
				INFOPLIST_KEY_UISupportedInterfaceOrientations_iPad = "UIInterfaceOrientationLandscapeLeft UIInterfaceOrientationLandscapeRight UIInterfaceOrientationPortrait UIInterfaceOrientationPortraitUpsideDown";
				LD_RUNPATH_SEARCH_PATHS = (
					"$(inherited)",
					"@executable_path/Frameworks",
				);
				MARKETING_VERSION = 1.0;
				PRODUCT_BUNDLE_IDENTIFIER = "akrivdin.Spar-Intern-Task";
				PRODUCT_NAME = "$(TARGET_NAME)";
				SUPPORTED_PLATFORMS = "iphoneos iphonesimulator";
				SUPPORTS_MACCATALYST = NO;
				SUPPORTS_MAC_DESIGNED_FOR_IPHONE_IPAD = NO;
				SUPPORTS_XR_DESIGNED_FOR_IPHONE_IPAD = NO;
				SWIFT_EMIT_LOC_STRINGS = YES;
				SWIFT_VERSION = 5.0;
				TARGETED_DEVICE_FAMILY = 1;
			};
			name = Release;
		};
/* End XCBuildConfiguration section */

/* Begin XCConfigurationList section */
		6FED257F2C62490C000C3174 /* Build configuration list for PBXProject "Spar Intern Task" */ = {
			isa = XCConfigurationList;
			buildConfigurations = (
				6FED25902C62490E000C3174 /* Debug */,
				6FED25912C62490E000C3174 /* Release */,
			);
			defaultConfigurationIsVisible = 0;
			defaultConfigurationName = Release;
		};
		6FED25922C62490E000C3174 /* Build configuration list for PBXNativeTarget "Spar Intern Task" */ = {
			isa = XCConfigurationList;
			buildConfigurations = (
				6FED25932C62490E000C3174 /* Debug */,
				6FED25942C62490E000C3174 /* Release */,
			);
			defaultConfigurationIsVisible = 0;
			defaultConfigurationName = Release;
		};
/* End XCConfigurationList section */
	};
	rootObject = 6FED257C2C62490C000C3174 /* Project object */;
}
